
Microsoft Visual Studio Solution File, Format Version 12.00
# Visual Studio Version 17
VisualStudioVersion = 17.5.33627.172
MinimumVisualStudioVersion = 10.0.40219.1
Project("{FAE04EC0-301F-11D3-BF4B-00C04F79EFBC}") = "Nguyenvanliem_2122110298", "Nguyenvanliem_2122110298\Nguyenvanliem_2122110298.csproj", "{E100AFC8-AC9D-4C49-9205-58FF0071F6CA}"
EndProject
Global
	GlobalSection(SolutionConfigurationPlatforms) = preSolution
		Debug|Any CPU = Debug|Any CPU
		Release|Any CPU = Release|Any CPU
	EndGlobalSection
	GlobalSection(ProjectConfigurationPlatforms) = postSolution
		{E100AFC8-AC9D-4C49-9205-58FF0071F6CA}.Debug|Any CPU.ActiveCfg = Debug|Any CPU
		{E100AFC8-AC9D-4C49-9205-58FF0071F6CA}.Debug|Any CPU.Build.0 = Debug|Any CPU
		{E100AFC8-AC9D-4C49-9205-58FF0071F6CA}.Release|Any CPU.ActiveCfg = Release|Any CPU
		{E100AFC8-AC9D-4C49-9205-58FF0071F6CA}.Release|Any CPU.Build.0 = Release|Any CPU
	EndGlobalSection
	GlobalSection(SolutionProperties) = preSolution
		HideSolutionNode = FALSE
	EndGlobalSection
	GlobalSection(ExtensibilityGlobals) = postSolution
		SolutionGuid = {67BDF4C5-5887-47D8-B1EF-407951D06F1E}
	EndGlobalSection
EndGlobal
